{
  "version": 4,
  "terraform_version": "1.0.6",
  "serial": 47,
  "lineage": "fe268cfb-60f0-8943-d0bd-e3aad1a0c79b",
  "outputs": {
    "network": {
      "value": "terraform-network",
      "type": "string"
    }
  },
  "resources": [
    {
      "mode": "data",
      "type": "google_compute_image",
      "name": "default",
      "provider": "provider[\"registry.terraform.io/hashicorp/google\"]",
      "instances": [
        {
          "schema_version": 0,
          "attributes": {
            "archive_size_bytes": 2128849728,
            "creation_timestamp": "2021-09-16T08:40:12.150-07:00",
            "description": "Debian, Debian GNU/Linux, 9 (stretch), amd64 built on 20210916",
            "disk_size_gb": 10,
            "family": "debian-9",
            "filter": null,
            "id": "projects/debian-cloud/global/images/debian-9-stretch-v20210916",
            "image_encryption_key_sha256": "",
            "image_id": "751351170981616564",
            "label_fingerprint": "42WmSpB8rSM=",
            "labels": {},
            "licenses": [
              "https://www.googleapis.com/compute/v1/projects/debian-cloud/global/licenses/debian-9-stretch"
            ],
            "name": "debian-9-stretch-v20210916",
            "project": "debian-cloud",
            "self_link": "https://www.googleapis.com/compute/v1/projects/debian-cloud/global/images/debian-9-stretch-v20210916",
            "source_disk": "",
            "source_disk_encryption_key_sha256": "",
            "source_disk_id": "",
            "source_image_id": "",
            "status": "READY"
          },
          "sensitive_attributes": []
        }
      ]
    },
    {
      "mode": "managed",
      "type": "google_compute_address",
      "name": "address",
      "provider": "provider[\"registry.terraform.io/hashicorp/google\"]",
      "instances": [
        {
          "schema_version": 0,
          "attributes": {
            "address": "34.72.15.68",
            "address_type": "EXTERNAL",
            "creation_timestamp": "2021-09-23T01:57:10.107-07:00",
            "description": "",
            "id": "projects/composed-task-321415/regions/us-central1/addresses/nat-ip",
            "name": "nat-ip",
            "network": "",
            "network_tier": "PREMIUM",
            "prefix_length": 0,
            "project": "composed-task-321415",
            "purpose": "",
            "region": "us-central1",
            "self_link": "https://www.googleapis.com/compute/v1/projects/composed-task-321415/regions/us-central1/addresses/nat-ip",
            "subnetwork": "",
            "timeouts": null,
            "users": []
          },
          "sensitive_attributes": [],
          "private": "eyJlMmJmYjczMC1lY2FhLTExZTYtOGY4OC0zNDM2M2JjN2M0YzAiOnsiY3JlYXRlIjoyNDAwMDAwMDAwMDAsImRlbGV0ZSI6MjQwMDAwMDAwMDAwfX0=",
          "dependencies": [
            "google_compute_network.vpc_network",
            "google_compute_router.default"
          ]
        }
      ]
    },
    {
      "mode": "managed",
      "type": "google_compute_health_check",
      "name": "autohealing",
      "provider": "provider[\"registry.terraform.io/hashicorp/google\"]",
      "instances": [
        {
          "schema_version": 0,
          "attributes": {
            "check_interval_sec": 5,
            "creation_timestamp": "2021-09-22T05:29:56.666-07:00",
            "description": "",
            "grpc_health_check": [],
            "healthy_threshold": 2,
            "http2_health_check": [],
            "http_health_check": [
              {
                "host": "",
                "port": 8080,
                "port_name": "",
                "port_specification": "",
                "proxy_header": "NONE",
                "request_path": "/healthz",
                "response": ""
              }
            ],
            "https_health_check": [],
            "id": "projects/composed-task-321415/global/healthChecks/autohealing-health-check",
            "log_config": [
              {
                "enable": false
              }
            ],
            "name": "autohealing-health-check",
            "project": "composed-task-321415",
            "self_link": "https://www.googleapis.com/compute/v1/projects/composed-task-321415/global/healthChecks/autohealing-health-check",
            "ssl_health_check": [],
            "tcp_health_check": [],
            "timeout_sec": 5,
            "timeouts": null,
            "type": "HTTP",
            "unhealthy_threshold": 10
          },
          "sensitive_attributes": [],
          "private": "eyJlMmJmYjczMC1lY2FhLTExZTYtOGY4OC0zNDM2M2JjN2M0YzAiOnsiY3JlYXRlIjoyNDAwMDAwMDAwMDAsImRlbGV0ZSI6MjQwMDAwMDAwMDAwLCJ1cGRhdGUiOjI0MDAwMDAwMDAwMH19"
        }
      ]
    },
    {
      "mode": "managed",
      "type": "google_compute_instance_group_manager",
      "name": "lamp-server",
      "provider": "provider[\"registry.terraform.io/hashicorp/google\"]",
      "instances": [
        {
          "schema_version": 0,
          "attributes": {
            "auto_healing_policies": [],
            "base_instance_name": "app",
            "description": "",
            "fingerprint": "ESjpbbAKqzI=",
            "id": "projects/composed-task-321415/zones/us-central1-c/instanceGroupManagers/lamp-server",
            "instance_group": "https://www.googleapis.com/compute/v1/projects/composed-task-321415/zones/us-central1-c/instanceGroups/lamp-server",
            "name": "lamp-server",
            "named_port": [],
            "operation": null,
            "project": "composed-task-321415",
            "self_link": "https://www.googleapis.com/compute/v1/projects/composed-task-321415/zones/us-central1-c/instanceGroupManagers/lamp-server",
            "stateful_disk": [],
            "status": [
              {
                "is_stable": true,
                "stateful": [
                  {
                    "has_stateful_config": false,
                    "per_instance_configs": [
                      {
                        "all_effective": true
                      }
                    ]
                  }
                ],
                "version_target": [
                  {
                    "is_reached": true
                  }
                ]
              }
            ],
            "target_pools": [],
            "target_size": 2,
            "timeouts": null,
            "update_policy": [
              {
                "max_surge_fixed": 1,
                "max_surge_percent": 0,
                "max_unavailable_fixed": 1,
                "max_unavailable_percent": 0,
                "min_ready_sec": 0,
                "minimal_action": "REPLACE",
                "replacement_method": "SUBSTITUTE",
                "type": "OPPORTUNISTIC"
              }
            ],
            "version": [
              {
                "instance_template": "https://www.googleapis.com/compute/v1/projects/composed-task-321415/global/instanceTemplates/lamp-template",
                "name": "",
                "target_size": []
              }
            ],
            "wait_for_instances": false,
            "wait_for_instances_status": "STABLE",
            "zone": "us-central1-c"
          },
          "sensitive_attributes": [],
          "private": "eyJlMmJmYjczMC1lY2FhLTExZTYtOGY4OC0zNDM2M2JjN2M0YzAiOnsiY3JlYXRlIjo5MDAwMDAwMDAwMDAsImRlbGV0ZSI6OTAwMDAwMDAwMDAwLCJ1cGRhdGUiOjkwMDAwMDAwMDAwMH19",
          "dependencies": [
            "google_compute_instance_template.default",
            "google_compute_network.vpc_network",
            "google_compute_subnetwork.subnetwork"
          ]
        }
      ]
    },
    {
      "mode": "managed",
      "type": "google_compute_instance_template",
      "name": "default",
      "provider": "provider[\"registry.terraform.io/hashicorp/google\"]",
      "instances": [
        {
          "schema_version": 1,
          "attributes": {
            "advanced_machine_features": [],
            "can_ip_forward": false,
            "confidential_instance_config": [],
            "description": "For creating MIG with LAMP stack",
            "disk": [
              {
                "auto_delete": true,
                "boot": true,
                "device_name": "persistent-disk-0",
                "disk_encryption_key": [],
                "disk_name": "",
                "disk_size_gb": 0,
                "disk_type": "pd-standard",
                "interface": "SCSI",
                "labels": {},
                "mode": "READ_WRITE",
                "resource_policies": [],
                "source": "",
                "source_image": "projects/debian-cloud/global/images/family/debian-9",
                "type": "PERSISTENT"
              }
            ],
            "enable_display": null,
            "guest_accelerator": [],
            "id": "projects/composed-task-321415/global/instanceTemplates/lamp-template",
            "instance_description": "",
            "labels": null,
            "machine_type": "n1-standard-1",
            "metadata": {
              "startup-script-url": "gs://bucket111/startup.sh"
            },
            "metadata_fingerprint": "yuxKFzoGLCA=",
            "metadata_startup_script": null,
            "min_cpu_platform": "",
            "name": "lamp-template",
            "name_prefix": null,
            "network_interface": [
              {
                "access_config": [
                  {
                    "nat_ip": "",
                    "network_tier": "PREMIUM",
                    "public_ptr_domain_name": ""
                  }
                ],
                "alias_ip_range": [],
                "name": "nic0",
                "network": "https://www.googleapis.com/compute/v1/projects/composed-task-321415/global/networks/terraform-network",
                "network_ip": "",
                "nic_type": "",
                "subnetwork": "https://www.googleapis.com/compute/v1/projects/composed-task-321415/regions/us-central1/subnetworks/terraform-subnetwork",
                "subnetwork_project": "composed-task-321415"
              }
            ],
            "project": "composed-task-321415",
            "region": "us-central1",
            "reservation_affinity": [],
            "scheduling": [
              {
                "automatic_restart": true,
                "min_node_cpus": 0,
                "node_affinities": [],
                "on_host_maintenance": "MIGRATE",
                "preemptible": false
              }
            ],
            "self_link": "https://www.googleapis.com/compute/beta/projects/composed-task-321415/global/instanceTemplates/lamp-template",
            "service_account": [],
            "shielded_instance_config": [],
            "tags": [
              "http-server",
              "ssh"
            ],
            "tags_fingerprint": "",
            "timeouts": null
          },
          "sensitive_attributes": [],
          "private": "eyJlMmJmYjczMC1lY2FhLTExZTYtOGY4OC0zNDM2M2JjN2M0YzAiOnsiY3JlYXRlIjoyNDAwMDAwMDAwMDAsImRlbGV0ZSI6MjQwMDAwMDAwMDAwfSwic2NoZW1hX3ZlcnNpb24iOiIxIn0=",
          "dependencies": [
            "google_compute_network.vpc_network",
            "google_compute_subnetwork.subnetwork"
          ]
        }
      ]
    },
    {
      "mode": "managed",
      "type": "google_compute_network",
      "name": "vpc_network",
      "provider": "provider[\"registry.terraform.io/hashicorp/google\"]",
      "instances": [
        {
          "schema_version": 0,
          "attributes": {
            "auto_create_subnetworks": false,
            "delete_default_routes_on_create": false,
            "description": "",
            "gateway_ipv4": "",
            "id": "projects/composed-task-321415/global/networks/terraform-network",
            "mtu": 0,
            "name": "terraform-network",
            "project": "composed-task-321415",
            "routing_mode": "REGIONAL",
            "self_link": "https://www.googleapis.com/compute/v1/projects/composed-task-321415/global/networks/terraform-network",
            "timeouts": null
          },
          "sensitive_attributes": [],
          "private": "eyJlMmJmYjczMC1lY2FhLTExZTYtOGY4OC0zNDM2M2JjN2M0YzAiOnsiY3JlYXRlIjoyNDAwMDAwMDAwMDAsImRlbGV0ZSI6MjQwMDAwMDAwMDAwLCJ1cGRhdGUiOjI0MDAwMDAwMDAwMH19"
        }
      ]
    },
    {
      "mode": "managed",
      "type": "google_compute_router",
      "name": "default",
      "provider": "provider[\"registry.terraform.io/hashicorp/google\"]",
      "instances": [
        {
          "schema_version": 0,
          "attributes": {
            "bgp": [
              {
                "advertise_mode": "DEFAULT",
                "advertised_groups": [],
                "advertised_ip_ranges": [],
                "asn": 64514
              }
            ],
            "creation_timestamp": "2021-09-23T01:56:58.525-07:00",
            "description": "",
            "id": "projects/composed-task-321415/regions/us-central1/routers/router1",
            "name": "router1",
            "network": "https://www.googleapis.com/compute/v1/projects/composed-task-321415/global/networks/terraform-network",
            "project": "composed-task-321415",
            "region": "us-central1",
            "self_link": "https://www.googleapis.com/compute/v1/projects/composed-task-321415/regions/us-central1/routers/router1",
            "timeouts": null
          },
          "sensitive_attributes": [],
          "private": "eyJlMmJmYjczMC1lY2FhLTExZTYtOGY4OC0zNDM2M2JjN2M0YzAiOnsiY3JlYXRlIjoyNDAwMDAwMDAwMDAsImRlbGV0ZSI6MjQwMDAwMDAwMDAwLCJ1cGRhdGUiOjI0MDAwMDAwMDAwMH19",
          "dependencies": [
            "google_compute_network.vpc_network"
          ]
        }
      ]
    },
    {
      "mode": "managed",
      "type": "google_compute_router_nat",
      "name": "nat",
      "provider": "provider[\"registry.terraform.io/hashicorp/google\"]",
      "instances": [
        {
          "schema_version": 0,
          "attributes": {
            "drain_nat_ips": null,
            "enable_endpoint_independent_mapping": true,
            "icmp_idle_timeout_sec": 30,
            "id": "composed-task-321415/us-central1/router1/nat1",
            "log_config": [
              {
                "enable": true,
                "filter": "ERRORS_ONLY"
              }
            ],
            "min_ports_per_vm": 0,
            "name": "nat1",
            "nat_ip_allocate_option": "MANUAL_ONLY",
            "nat_ips": [
              "https://www.googleapis.com/compute/v1/projects/composed-task-321415/regions/us-central1/addresses/nat-ip"
            ],
            "project": "composed-task-321415",
            "region": "us-central1",
            "router": "router1",
            "source_subnetwork_ip_ranges_to_nat": "ALL_SUBNETWORKS_ALL_IP_RANGES",
            "subnetwork": [],
            "tcp_established_idle_timeout_sec": 1200,
            "tcp_transitory_idle_timeout_sec": 30,
            "timeouts": null,
            "udp_idle_timeout_sec": 30
          },
          "sensitive_attributes": [],
          "private": "eyJlMmJmYjczMC1lY2FhLTExZTYtOGY4OC0zNDM2M2JjN2M0YzAiOnsiY3JlYXRlIjo2MDAwMDAwMDAwMDAsImRlbGV0ZSI6NjAwMDAwMDAwMDAwLCJ1cGRhdGUiOjYwMDAwMDAwMDAwMH19",
          "dependencies": [
            "google_compute_address.address",
            "google_compute_router.default"
          ]
        }
      ]
    },
    {
      "mode": "managed",
      "type": "google_compute_subnetwork",
      "name": "subnetwork",
      "provider": "provider[\"registry.terraform.io/hashicorp/google\"]",
      "instances": [
        {
          "schema_version": 0,
          "attributes": {
            "creation_timestamp": "2021-09-17T02:43:00.048-07:00",
            "description": "",
            "fingerprint": null,
            "gateway_address": "10.128.0.1",
            "id": "projects/composed-task-321415/regions/us-central1/subnetworks/terraform-subnetwork",
            "ip_cidr_range": "10.128.0.0/28",
            "log_config": [],
            "name": "terraform-subnetwork",
            "network": "https://www.googleapis.com/compute/v1/projects/composed-task-321415/global/networks/terraform-network",
            "private_ip_google_access": false,
            "private_ipv6_google_access": "DISABLE_GOOGLE_ACCESS",
            "project": "composed-task-321415",
            "purpose": "PRIVATE",
            "region": "us-central1",
            "role": "",
            "secondary_ip_range": [],
            "self_link": "https://www.googleapis.com/compute/v1/projects/composed-task-321415/regions/us-central1/subnetworks/terraform-subnetwork",
            "timeouts": null
          },
          "sensitive_attributes": [],
          "private": "eyJlMmJmYjczMC1lY2FhLTExZTYtOGY4OC0zNDM2M2JjN2M0YzAiOnsiY3JlYXRlIjozNjAwMDAwMDAwMDAsImRlbGV0ZSI6MzYwMDAwMDAwMDAwLCJ1cGRhdGUiOjM2MDAwMDAwMDAwMH19",
          "dependencies": [
            "google_compute_network.vpc_network"
          ]
        }
      ]
    },
    {
      "mode": "managed",
      "type": "google_service_account",
      "name": "service_account",
      "provider": "provider[\"registry.terraform.io/hashicorp/google\"]",
      "instances": [
        {
          "schema_version": 0,
          "attributes": {
            "account_id": "service-account-terraform",
            "description": "",
            "display_name": "Service Account Terraform",
            "email": "service-account-terraform@composed-task-321415.iam.gserviceaccount.com",
            "id": "projects/composed-task-321415/serviceAccounts/service-account-terraform@composed-task-321415.iam.gserviceaccount.com",
            "name": "projects/composed-task-321415/serviceAccounts/service-account-terraform@composed-task-321415.iam.gserviceaccount.com",
            "project": "composed-task-321415",
            "timeouts": null,
            "unique_id": "111957125060871200916"
          },
          "sensitive_attributes": [],
          "private": "bnVsbA=="
        }
      ]
    },
    {
      "mode": "managed",
      "type": "google_sql_database",
      "name": "database",
      "provider": "provider[\"registry.terraform.io/hashicorp/google\"]",
      "instances": [
        {
          "schema_version": 0,
          "attributes": {
            "charset": "utf8",
            "collation": "utf8_general_ci",
            "id": "projects/composed-task-321415/instances/my-database-instance/databases/database1",
            "instance": "my-database-instance",
            "name": "database1",
            "project": "composed-task-321415",
            "self_link": "https://sqladmin.googleapis.com/sql/v1beta4/projects/composed-task-321415/instances/my-database-instance/databases/database1",
            "timeouts": null
          },
          "sensitive_attributes": [],
          "private": "eyJlMmJmYjczMC1lY2FhLTExZTYtOGY4OC0zNDM2M2JjN2M0YzAiOnsiY3JlYXRlIjo5MDAwMDAwMDAwMDAsImRlbGV0ZSI6NjAwMDAwMDAwMDAwLCJ1cGRhdGUiOjYwMDAwMDAwMDAwMH19",
          "dependencies": [
            "google_sql_database_instance.instance"
          ]
        }
      ]
    },
    {
      "mode": "managed",
      "type": "google_sql_database_instance",
      "name": "instance",
      "provider": "provider[\"registry.terraform.io/hashicorp/google\"]",
      "instances": [
        {
          "schema_version": 0,
          "attributes": {
            "clone": [],
            "connection_name": "composed-task-321415:us-central1:my-database-instance",
            "database_version": "MYSQL_5_6",
            "deletion_protection": true,
            "first_ip_address": "34.133.152.106",
            "id": "my-database-instance",
            "ip_address": [
              {
                "ip_address": "34.133.152.106",
                "time_to_retire": "",
                "type": "PRIMARY"
              }
            ],
            "master_instance_name": "",
            "name": "my-database-instance",
            "private_ip_address": "",
            "project": "composed-task-321415",
            "public_ip_address": "34.133.152.106",
            "region": "us-central1",
            "replica_configuration": [],
            "restore_backup_context": [],
            "root_password": null,
            "self_link": "https://sqladmin.googleapis.com/sql/v1beta4/projects/composed-task-321415/instances/my-database-instance",
            "server_ca_cert": [
              {
                "cert": "-----BEGIN CERTIFICATE-----\nMIIDfzCCAmegAwIBAgIBADANBgkqhkiG9w0BAQsFADB3MS0wKwYDVQQuEyQ2MDcx\nNWYyMC01NWQ4LTQ5OWMtYWIxMC1kYjMwODE2ODE2MDgxIzAhBgNVBAMTGkdvb2ds\nZSBDbG91ZCBTUUwgU2VydmVyIENBMRQwEgYDVQQKEwtHb29nbGUsIEluYzELMAkG\nA1UEBhMCVVMwHhcNMjEwOTIyMTIzMTIyWhcNMzEwOTIwMTIzMjIyWjB3MS0wKwYD\nVQQuEyQ2MDcxNWYyMC01NWQ4LTQ5OWMtYWIxMC1kYjMwODE2ODE2MDgxIzAhBgNV\nBAMTGkdvb2dsZSBDbG91ZCBTUUwgU2VydmVyIENBMRQwEgYDVQQKEwtHb29nbGUs\nIEluYzELMAkGA1UEBhMCVVMwggEiMA0GCSqGSIb3DQEBAQUAA4IBDwAwggEKAoIB\nAQCQwNyQRX1ou79vG2a8p/yEUskUoCioAoyqjp4SwUbweyj4a3p8SeZ7hz4m/tjF\na8Kpf7/6v0/H3O6u1uobbadZowLFCv6ooJik9Ls6ri50MutN8y2qYVyC+FBLs/Ak\nBf0uG6BMYL+ct4hXw6kO+o0ucH14d5zgXCkmlS/27M0tvqkCyvkJPGCQ5stDT3Jr\nP99zLTskOa3wAvPbkSDvHeIGffnC0iQmNKXAjuHfQG+tAQnLEG0dW8Hao6leucWu\naZCHkpSM40/e5v3aMImgFLhKKDgALp5A0Y0jDVDzAUU9v1j1JMERy69eovoPMd3b\nGvO4VmZK9N1u7maBtySjaa3/AgMBAAGjFjAUMBIGA1UdEwEB/wQIMAYBAf8CAQAw\nDQYJKoZIhvcNAQELBQADggEBAE8R+trhX0t86JAasHMkptuCAHiyGM2zi7z+0vvQ\nccLAYyTgTUsbdiNRU+roZhf1RFdEH4/ss1HOsArmB9aZK62l9hGcTZJO32lk3Zwi\nAsEViYDjZOJo3WQeNcuf96q7uZySuNzlSWQKZi4X3otmZ1opEWQrdu0wrHCFlYym\n5lzVIuYq+haGzpTGUYpqLSv4UxBfhnxJ5Q5RJeRpwe5Z00B1aRPBRJA69a0l34wE\ny3N513CajC5XF8Qt3pIrE7l6ogfyyxxmkj5Wvb6LcRCExQPiIVBv/FYaZI8Hat4f\nO1vrKYlDragANiCU1OCCA8d3biRgBlqPYLI04lHub9l/MyQ=\n-----END CERTIFICATE-----",
                "common_name": "C=US,O=Google\\, Inc,CN=Google Cloud SQL Server CA,dnQualifier=60715f20-55d8-499c-ab10-db3081681608",
                "create_time": "2021-09-22T12:31:22.800Z",
                "expiration_time": "2031-09-20T12:32:22.800Z",
                "sha1_fingerprint": "4ad82ffc4b3f53dac641453773e5341efb77d01e"
              }
            ],
            "service_account_email_address": "p323729591617-sob9s9@gcp-sa-cloud-sql.iam.gserviceaccount.com",
            "settings": [
              {
                "activation_policy": "ALWAYS",
                "authorized_gae_applications": [],
                "availability_type": "ZONAL",
                "backup_configuration": [
                  {
                    "backup_retention_settings": [
                      {
                        "retained_backups": 7,
                        "retention_unit": "COUNT"
                      }
                    ],
                    "binary_log_enabled": false,
                    "enabled": true,
                    "location": "",
                    "point_in_time_recovery_enabled": false,
                    "start_time": "23:00",
                    "transaction_log_retention_days": 7
                  }
                ],
                "collation": "",
                "crash_safe_replication": false,
                "database_flags": [],
                "disk_autoresize": true,
                "disk_autoresize_limit": 0,
                "disk_size": 10,
                "disk_type": "PD_SSD",
                "insights_config": [],
                "ip_configuration": [
                  {
                    "authorized_networks": [],
                    "ipv4_enabled": true,
                    "private_network": "",
                    "require_ssl": false
                  }
                ],
                "location_preference": [
                  {
                    "follow_gae_application": "",
                    "zone": "us-central1-f"
                  }
                ],
                "maintenance_window": [],
                "pricing_plan": "PER_USE",
                "replication_type": "SYNCHRONOUS",
                "tier": "db-f1-micro",
                "user_labels": {},
                "version": 3
              }
            ],
            "timeouts": null
          },
          "sensitive_attributes": [],
          "private": "eyJlMmJmYjczMC1lY2FhLTExZTYtOGY4OC0zNDM2M2JjN2M0YzAiOnsiY3JlYXRlIjoxODAwMDAwMDAwMDAwLCJkZWxldGUiOjE4MDAwMDAwMDAwMDAsInVwZGF0ZSI6MTgwMDAwMDAwMDAwMH19"
        }
      ]
    },
    {
      "mode": "managed",
      "type": "google_storage_bucket",
      "name": "bucketstorage12",
      "provider": "provider[\"registry.terraform.io/hashicorp/google\"]",
      "instances": [
        {
          "schema_version": 0,
          "attributes": {
            "bucket_policy_only": false,
            "cors": [],
            "default_event_based_hold": false,
            "encryption": [],
            "force_destroy": false,
            "id": "bucketstorage12",
            "labels": {},
            "lifecycle_rule": [],
            "location": "US",
            "logging": [],
            "name": "bucketstorage12",
            "project": "composed-task-321415",
            "requester_pays": false,
            "retention_policy": [],
            "self_link": "https://www.googleapis.com/storage/v1/b/bucketstorage12",
            "storage_class": "STANDARD",
            "uniform_bucket_level_access": false,
            "url": "gs://bucketstorage12",
            "versioning": [],
            "website": []
          },
          "sensitive_attributes": [],
          "private": "bnVsbA=="
        }
      ]
    },
    {
      "mode": "managed",
      "type": "google_storage_bucket_object",
      "name": "html",
      "provider": "provider[\"registry.terraform.io/hashicorp/google\"]",
      "instances": [
        {
          "schema_version": 0,
          "attributes": {
            "bucket": "bucketstorage12",
            "cache_control": "",
            "content": null,
            "content_disposition": "",
            "content_encoding": "",
            "content_language": "",
            "content_type": "text/html; charset=utf-8",
            "crc32c": "q5pZQA==",
            "customer_encryption": [],
            "detect_md5hash": "jhlZZamrFA1QXKsYZ8RYlw==",
            "event_based_hold": false,
            "id": "bucketstorage12-index.html",
            "kms_key_name": "",
            "md5hash": "jhlZZamrFA1QXKsYZ8RYlw==",
            "media_link": "https://storage.googleapis.com/download/storage/v1/b/bucketstorage12/o/index.html?generation=1632319480684903\u0026alt=media",
            "metadata": {},
            "name": "index.html",
            "output_name": "index.html",
            "self_link": "https://www.googleapis.com/storage/v1/b/bucketstorage12/o/index.html",
            "source": "config/index.html",
            "storage_class": "STANDARD",
            "temporary_hold": false,
            "timeouts": null
          },
          "sensitive_attributes": [],
          "private": "eyJlMmJmYjczMC1lY2FhLTExZTYtOGY4OC0zNDM2M2JjN2M0YzAiOnsiY3JlYXRlIjoyNDAwMDAwMDAwMDAsImRlbGV0ZSI6MjQwMDAwMDAwMDAwLCJ1cGRhdGUiOjI0MDAwMDAwMDAwMH19",
          "dependencies": [
            "google_storage_bucket.bucketstorage12"
          ]
        }
      ]
    },
    {
      "mode": "managed",
      "type": "google_storage_bucket_object",
      "name": "startup",
      "provider": "provider[\"registry.terraform.io/hashicorp/google\"]",
      "instances": [
        {
          "schema_version": 0,
          "attributes": {
            "bucket": "bucketstorage12",
            "cache_control": "",
            "content": null,
            "content_disposition": "",
            "content_encoding": "",
            "content_language": "",
            "content_type": "text/plain; charset=utf-8",
            "crc32c": "MEyNHQ==",
            "customer_encryption": [],
            "detect_md5hash": "+kvgkAo8BXFyATqgHTC/IQ==",
            "event_based_hold": false,
            "id": "bucketstorage12-startup.sh",
            "kms_key_name": "",
            "md5hash": "+kvgkAo8BXFyATqgHTC/IQ==",
            "media_link": "https://storage.googleapis.com/download/storage/v1/b/bucketstorage12/o/startup.sh?generation=1632319480685355\u0026alt=media",
            "metadata": {},
            "name": "startup.sh",
            "output_name": "startup.sh",
            "self_link": "https://www.googleapis.com/storage/v1/b/bucketstorage12/o/startup.sh",
            "source": "config/startup.sh",
            "storage_class": "STANDARD",
            "temporary_hold": false,
            "timeouts": null
          },
          "sensitive_attributes": [],
          "private": "eyJlMmJmYjczMC1lY2FhLTExZTYtOGY4OC0zNDM2M2JjN2M0YzAiOnsiY3JlYXRlIjoyNDAwMDAwMDAwMDAsImRlbGV0ZSI6MjQwMDAwMDAwMDAwLCJ1cGRhdGUiOjI0MDAwMDAwMDAwMH19",
          "dependencies": [
            "google_storage_bucket.bucketstorage12"
          ]
        }
      ]
    }
  ]
}
